
Microsoft Visual Studio Solution File, Format Version 12.00
# Visual Studio Version 16
VisualStudioVersion = 16.0.30330.147
MinimumVisualStudioVersion = 10.0.40219.1
Project("{8BC9CEB8-8B4A-11D0-8D11-00A0C91BC942}") = "week1_2", "week1_2\week1_2.vcxproj", "{054B0265-C48B-4771-9C40-368A05143B66}"
EndProject
Global
	GlobalSection(SolutionConfigurationPlatforms) = preSolution
		Debug|x64 = Debug|x64
		Debug|x86 = Debug|x86
		Release|x64 = Release|x64
		Release|x86 = Release|x86
	EndGlobalSection
	GlobalSection(ProjectConfigurationPlatforms) = postSolution
		{054B0265-C48B-4771-9C40-368A05143B66}.Debug|x64.ActiveCfg = Debug|x64
		{054B0265-C48B-4771-9C40-368A05143B66}.Debug|x64.Build.0 = Debug|x64
		{054B0265-C48B-4771-9C40-368A05143B66}.Debug|x86.ActiveCfg = Debug|Win32
		{054B0265-C48B-4771-9C40-368A05143B66}.Debug|x86.Build.0 = Debug|Win32
		{054B0265-C48B-4771-9C40-368A05143B66}.Release|x64.ActiveCfg = Release|x64
		{054B0265-C48B-4771-9C40-368A05143B66}.Release|x64.Build.0 = Release|x64
		{054B0265-C48B-4771-9C40-368A05143B66}.Release|x86.ActiveCfg = Release|Win32
		{054B0265-C48B-4771-9C40-368A05143B66}.Release|x86.Build.0 = Release|Win32
	EndGlobalSection
	GlobalSection(SolutionProperties) = preSolution
		HideSolutionNode = FALSE
	EndGlobalSection
	GlobalSection(ExtensibilityGlobals) = postSolution
		SolutionGuid = {A188C4CD-4A1B-408B-BFD5-857BE074E310}
	EndGlobalSection
EndGlobal
